github.com/angelodlfrtr/serial v0.0.0-20190912094943-d028474db63c h1:Q5NYSNKJn3QdfE4q7yG6m+r0OLFrsC94KDQPGqj5OkE=
github.com/angelodlfrtr/serial v0.0.0-20190912094943-d028474db63c/go.mod h1:kGJNzwu4M6uVHZPXuE7m6+f3BvYrhFH76a90n69CxEk=
github.com/brutella/can v0.0.2 h1:8TyjZrBZSwQwSr5x3U9KtKzGW8HNE/NpUgsNcYDAVIM=
github.com/brutella/can v0.0.2/go.mod h1:NYDxbQito3w4+4DcjWs/fpQ3xyaFdpXw/KYqtZFU98k=
golang.org/x/sys v0.0.0-20181213200352-4d1cda033e06/go.mod h1:STP8DvDyc/dI5b8T5hshtkjS+E42TnysNCUPdjciGhY=
golang.org/x/sys v0.3.0 h1:w8ZOecv6NaNa/zC8944JTU3vz4u6Lagfk4RPQxv92NQ=
golang.org/x/sys v0.3.0/go.mod h1:oPkhp1MJrh7nUepCBck5+mAzfO9JrbApNNgaTdGDITg=
